
Microsoft Visual Studio Solution File, Format Version 12.00
# Visual Studio Version 16
VisualStudioVersion = 16.0.31105.61
MinimumVisualStudioVersion = 10.0.40219.1
Project("{FAE04EC0-301F-11D3-BF4B-00C04F79EFBC}") = "LinkGroup.DemoTests", "LinkGroup.DemoTests\LinkGroup.DemoTests.csproj", "{882CA926-6DCD-4D9B-80EC-71C20EC532FD}"
EndProject
Global
	GlobalSection(SolutionConfigurationPlatforms) = preSolution
		Debug|Any CPU = Debug|Any CPU
		Release|Any CPU = Release|Any CPU
	EndGlobalSection
	GlobalSection(ProjectConfigurationPlatforms) = postSolution
		{882CA926-6DCD-4D9B-80EC-71C20EC532FD}.Debug|Any CPU.ActiveCfg = Debug|Any CPU
		{882CA926-6DCD-4D9B-80EC-71C20EC532FD}.Debug|Any CPU.Build.0 = Debug|Any CPU
		{882CA926-6DCD-4D9B-80EC-71C20EC532FD}.Release|Any CPU.ActiveCfg = Release|Any CPU
		{882CA926-6DCD-4D9B-80EC-71C20EC532FD}.Release|Any CPU.Build.0 = Release|Any CPU
	EndGlobalSection
	GlobalSection(SolutionProperties) = preSolution
		HideSolutionNode = FALSE
	EndGlobalSection
	GlobalSection(ExtensibilityGlobals) = postSolution
		SolutionGuid = {F0789FE3-825B-49B8-BB33-FCF166B20B7B}
	EndGlobalSection
EndGlobal
